
Microsoft Visual Studio Solution File, Format Version 12.00
# Visual Studio 15
VisualStudioVersion = 15.0.28307.757
MinimumVisualStudioVersion = 10.0.40219.1
Project("{8BC9CEB8-8B4A-11D0-8D11-00A0C91BC942}") = "SdkClient", "SdkClient.vcxproj", "{B6B99E7D-36E1-42CE-9C2F-9A9359EA0AAA}"
EndProject
Global
	GlobalSection(SolutionConfigurationPlatforms) = preSolution
		Debug|x86 = Debug|x86
		Release|x86 = Release|x86
	EndGlobalSection
	GlobalSection(ProjectConfigurationPlatforms) = postSolution
		{B6B99E7D-36E1-42CE-9C2F-9A9359EA0AAA}.Debug|x86.ActiveCfg = Debug|Win32
		{B6B99E7D-36E1-42CE-9C2F-9A9359EA0AAA}.Debug|x86.Build.0 = Debug|Win32
		{B6B99E7D-36E1-42CE-9C2F-9A9359EA0AAA}.Release|x86.ActiveCfg = Release|Win32
		{B6B99E7D-36E1-42CE-9C2F-9A9359EA0AAA}.Release|x86.Build.0 = Release|Win32
	EndGlobalSection
	GlobalSection(SolutionProperties) = preSolution
		HideSolutionNode = FALSE
	EndGlobalSection
	GlobalSection(ExtensibilityGlobals) = postSolution
		SolutionGuid = {29725B1A-3AE9-48DC-B74E-73FD4730F8DC}
	EndGlobalSection
EndGlobal
